github.com/dhowden/tag v0.0.0-20240417053706-3d75831295e8 h1:OtSeLS5y0Uy01jaKK4mA/WVIYtpzVm63vLVAPzJXigg=
github.com/dhowden/tag v0.0.0-20240417053706-3d75831295e8/go.mod h1:apkPC/CR3s48O2D7Y++n1XWEpgPNNCjXYga3PPbJe2E=
github.com/mappu/miqt v0.13.0 h1:Dzvclso1BwAUVNem7giSYCmh4Rx08j2gqt6j4SCy098=
github.com/mappu/miqt v0.13.0/go.mod h1:xFg7ADaO1QSkmXPsPODoKe/bydJpRG9fgCYyIDl/h1U=
github.com/rcalixte/miqt v0.0.0-20260323164633-b0b6e229fba3/go.mod h1:xFg7ADaO1QSkmXPsPODoKe/bydJpRG9fgCYyIDl/h1U=
